
Microsoft Visual Studio Solution File, Format Version 12.00
# Visual Studio Version 17
VisualStudioVersion = 17.0.31919.166
MinimumVisualStudioVersion = 10.0.40219.1
Project("{54A90642-561A-4BB1-A94E-469ADEE60C69}") = "Paylocity.Frontend", "Paylocity.Frontend\Paylocity.Frontend.esproj", "{1289E69B-F89F-446B-BDF7-96DC0787B7BA}"
EndProject
Project("{FAE04EC0-301F-11D3-BF4B-00C04F79EFBC}") = "Paylocity.API", "Paylocity.API\Paylocity.API.csproj", "{C05DEF2F-5975-41DE-8CC1-0AB1B7E7A88B}"
EndProject
Global
	GlobalSection(SolutionConfigurationPlatforms) = preSolution
		Debug|Any CPU = Debug|Any CPU
		Release|Any CPU = Release|Any CPU
	EndGlobalSection
	GlobalSection(ProjectConfigurationPlatforms) = postSolution
		{1289E69B-F89F-446B-BDF7-96DC0787B7BA}.Debug|Any CPU.ActiveCfg = Debug|Any CPU
		{1289E69B-F89F-446B-BDF7-96DC0787B7BA}.Debug|Any CPU.Build.0 = Debug|Any CPU
		{1289E69B-F89F-446B-BDF7-96DC0787B7BA}.Debug|Any CPU.Deploy.0 = Debug|Any CPU
		{1289E69B-F89F-446B-BDF7-96DC0787B7BA}.Release|Any CPU.ActiveCfg = Release|Any CPU
		{1289E69B-F89F-446B-BDF7-96DC0787B7BA}.Release|Any CPU.Build.0 = Release|Any CPU
		{1289E69B-F89F-446B-BDF7-96DC0787B7BA}.Release|Any CPU.Deploy.0 = Release|Any CPU
		{C05DEF2F-5975-41DE-8CC1-0AB1B7E7A88B}.Debug|Any CPU.ActiveCfg = Debug|Any CPU
		{C05DEF2F-5975-41DE-8CC1-0AB1B7E7A88B}.Debug|Any CPU.Build.0 = Debug|Any CPU
		{C05DEF2F-5975-41DE-8CC1-0AB1B7E7A88B}.Release|Any CPU.ActiveCfg = Release|Any CPU
		{C05DEF2F-5975-41DE-8CC1-0AB1B7E7A88B}.Release|Any CPU.Build.0 = Release|Any CPU
	EndGlobalSection
	GlobalSection(SolutionProperties) = preSolution
		HideSolutionNode = FALSE
	EndGlobalSection
	GlobalSection(ExtensibilityGlobals) = postSolution
		SolutionGuid = {79302E80-C759-488C-BE09-95084F422478}
	EndGlobalSection
EndGlobal
